
Microsoft Visual Studio Solution File, Format Version 12.00
# Visual Studio Version 16
VisualStudioVersion = 16.0.809.7
MinimumVisualStudioVersion = 10.0.40219.1
Project("{FAE04EC0-301F-11D3-BF4B-00C04F79EFBC}") = "FirstProject", "FirstProject\FirstProject.csproj", "{C781D3F0-FC23-41EB-A876-D878AA08FC43}"
EndProject
Global
	GlobalSection(SolutionConfigurationPlatforms) = preSolution
		Debug|Any CPU = Debug|Any CPU
		Release|Any CPU = Release|Any CPU
	EndGlobalSection
	GlobalSection(ProjectConfigurationPlatforms) = postSolution
		{C781D3F0-FC23-41EB-A876-D878AA08FC43}.Debug|Any CPU.ActiveCfg = Debug|Any CPU
		{C781D3F0-FC23-41EB-A876-D878AA08FC43}.Debug|Any CPU.Build.0 = Debug|Any CPU
		{C781D3F0-FC23-41EB-A876-D878AA08FC43}.Release|Any CPU.ActiveCfg = Release|Any CPU
		{C781D3F0-FC23-41EB-A876-D878AA08FC43}.Release|Any CPU.Build.0 = Release|Any CPU
	EndGlobalSection
	GlobalSection(SolutionProperties) = preSolution
		HideSolutionNode = FALSE
	EndGlobalSection
	GlobalSection(ExtensibilityGlobals) = postSolution
		SolutionGuid = {1EA3F450-47E3-4515-9DDC-FB7A015553E3}
	EndGlobalSection
EndGlobal
